
Microsoft Visual Studio Solution File, Format Version 12.00
# Visual Studio 2017
Project("{FAE04EC0-301F-11D3-BF4B-00C04F79EFBC}") = "mand med det rigtigte.Plugins", "mand med det rigtigte.Plugins.csproj", "{9FC24151-8CDD-5D9E-8405-FF69B78B40DB}"
EndProject
Project("{FAE04EC0-301F-11D3-BF4B-00C04F79EFBC}") = "mand med det rigtigte", "mand med det rigtigte.csproj", "{4891D54A-DB54-C80B-9817-733E9580CDD8}"
EndProject
Project("{FAE04EC0-301F-11D3-BF4B-00C04F79EFBC}") = "mand med det rigtigte.Editor.Plugins", "mand med det rigtigte.Editor.Plugins.csproj", "{B7E138A0-FB52-C06B-E8B8-2FCD6AFF7DEE}"
EndProject
Global
	GlobalSection(SolutionConfigurationPlatforms) = preSolution
		Debug|Any CPU = Debug|Any CPU
		Release|Any CPU = Release|Any CPU
	EndGlobalSection
	GlobalSection(ProjectConfigurationPlatforms) = postSolution
		{9FC24151-8CDD-5D9E-8405-FF69B78B40DB}.Debug|Any CPU.ActiveCfg = Debug|Any CPU
		{9FC24151-8CDD-5D9E-8405-FF69B78B40DB}.Debug|Any CPU.Build.0 = Debug|Any CPU
		{9FC24151-8CDD-5D9E-8405-FF69B78B40DB}.Release|Any CPU.ActiveCfg = Release|Any CPU
		{9FC24151-8CDD-5D9E-8405-FF69B78B40DB}.Release|Any CPU.Build.0 = Release|Any CPU
		{4891D54A-DB54-C80B-9817-733E9580CDD8}.Debug|Any CPU.ActiveCfg = Debug|Any CPU
		{4891D54A-DB54-C80B-9817-733E9580CDD8}.Debug|Any CPU.Build.0 = Debug|Any CPU
		{4891D54A-DB54-C80B-9817-733E9580CDD8}.Release|Any CPU.ActiveCfg = Release|Any CPU
		{4891D54A-DB54-C80B-9817-733E9580CDD8}.Release|Any CPU.Build.0 = Release|Any CPU
		{B7E138A0-FB52-C06B-E8B8-2FCD6AFF7DEE}.Debug|Any CPU.ActiveCfg = Debug|Any CPU
		{B7E138A0-FB52-C06B-E8B8-2FCD6AFF7DEE}.Debug|Any CPU.Build.0 = Debug|Any CPU
		{B7E138A0-FB52-C06B-E8B8-2FCD6AFF7DEE}.Release|Any CPU.ActiveCfg = Release|Any CPU
		{B7E138A0-FB52-C06B-E8B8-2FCD6AFF7DEE}.Release|Any CPU.Build.0 = Release|Any CPU
	EndGlobalSection
	GlobalSection(SolutionProperties) = preSolution
		HideSolutionNode = FALSE
	EndGlobalSection
EndGlobal
